
Microsoft Visual Studio Solution File, Format Version 12.00
# Visual Studio Version 16
VisualStudioVersion = 16.0.30717.126
MinimumVisualStudioVersion = 10.0.40219.1
Project("{FAE04EC0-301F-11D3-BF4B-00C04F79EFBC}") = "CuaHangForm", "CuaHangForm.csproj", "{B30B0948-4647-4A43-BF49-F48CD86ED619}"
EndProject
Global
	GlobalSection(SolutionConfigurationPlatforms) = preSolution
		Debug|Any CPU = Debug|Any CPU
		Release|Any CPU = Release|Any CPU
	EndGlobalSection
	GlobalSection(ProjectConfigurationPlatforms) = postSolution
		{B30B0948-4647-4A43-BF49-F48CD86ED619}.Debug|Any CPU.ActiveCfg = Debug|Any CPU
		{B30B0948-4647-4A43-BF49-F48CD86ED619}.Debug|Any CPU.Build.0 = Debug|Any CPU
		{B30B0948-4647-4A43-BF49-F48CD86ED619}.Release|Any CPU.ActiveCfg = Release|Any CPU
		{B30B0948-4647-4A43-BF49-F48CD86ED619}.Release|Any CPU.Build.0 = Release|Any CPU
	EndGlobalSection
	GlobalSection(SolutionProperties) = preSolution
		HideSolutionNode = FALSE
	EndGlobalSection
	GlobalSection(ExtensibilityGlobals) = postSolution
		SolutionGuid = {447A0F75-AC37-41A0-B81F-36401EF90B9A}
	EndGlobalSection
EndGlobal
